
Microsoft Visual Studio Solution File, Format Version 12.00
# Visual Studio Version 16
VisualStudioVersion = 16.0.30330.147
MinimumVisualStudioVersion = 10.0.40219.1
Project("{FAE04EC0-301F-11D3-BF4B-00C04F79EFBC}") = "WorkSheet Navigation V1", "WorkSheet Navigation V1.csproj", "{CE5D2BF1-EA24-448B-B245-37EE52EFA819}"
EndProject
Project("{FAE04EC0-301F-11D3-BF4B-00C04F79EFBC}") = "WorkSheet Navigation V1Web", "..\WorkSheet Navigation V1Web\WorkSheet Navigation V1Web.csproj", "{383B0949-C9FD-477A-AEA8-3A22DB5B232A}"
EndProject
Global
	GlobalSection(SolutionConfigurationPlatforms) = preSolution
		Debug|Any CPU = Debug|Any CPU
		Release|Any CPU = Release|Any CPU
	EndGlobalSection
	GlobalSection(ProjectConfigurationPlatforms) = postSolution
		{CE5D2BF1-EA24-448B-B245-37EE52EFA819}.Debug|Any CPU.ActiveCfg = Debug|Any CPU
		{CE5D2BF1-EA24-448B-B245-37EE52EFA819}.Debug|Any CPU.Build.0 = Debug|Any CPU
		{CE5D2BF1-EA24-448B-B245-37EE52EFA819}.Debug|Any CPU.Deploy.0 = Debug|Any CPU
		{CE5D2BF1-EA24-448B-B245-37EE52EFA819}.Release|Any CPU.ActiveCfg = Release|Any CPU
		{CE5D2BF1-EA24-448B-B245-37EE52EFA819}.Release|Any CPU.Build.0 = Release|Any CPU
		{CE5D2BF1-EA24-448B-B245-37EE52EFA819}.Release|Any CPU.Deploy.0 = Release|Any CPU
		{383B0949-C9FD-477A-AEA8-3A22DB5B232A}.Debug|Any CPU.ActiveCfg = Debug|Any CPU
		{383B0949-C9FD-477A-AEA8-3A22DB5B232A}.Debug|Any CPU.Build.0 = Debug|Any CPU
		{383B0949-C9FD-477A-AEA8-3A22DB5B232A}.Release|Any CPU.ActiveCfg = Release|Any CPU
		{383B0949-C9FD-477A-AEA8-3A22DB5B232A}.Release|Any CPU.Build.0 = Release|Any CPU
	EndGlobalSection
	GlobalSection(SolutionProperties) = preSolution
		HideSolutionNode = FALSE
	EndGlobalSection
	GlobalSection(ExtensibilityGlobals) = postSolution
		SolutionGuid = {F2BB7809-E57E-4D4C-8F8A-4283299686EA}
	EndGlobalSection
EndGlobal
